
Microsoft Visual Studio Solution File, Format Version 12.00
# Visual Studio Version 17
VisualStudioVersion = 17.14.36221.1 d17.14
MinimumVisualStudioVersion = 10.0.40219.1
Project("{FAE04EC0-301F-11D3-BF4B-00C04F79EFBC}") = "WebStore", "WebStore\WebStore.csproj", "{4D691388-C0B4-416E-92F6-0D7965B61A60}"
EndProject
Global
	GlobalSection(SolutionConfigurationPlatforms) = preSolution
		Debug|Any CPU = Debug|Any CPU
		Release|Any CPU = Release|Any CPU
	EndGlobalSection
	GlobalSection(ProjectConfigurationPlatforms) = postSolution
		{4D691388-C0B4-416E-92F6-0D7965B61A60}.Debug|Any CPU.ActiveCfg = Debug|Any CPU
		{4D691388-C0B4-416E-92F6-0D7965B61A60}.Debug|Any CPU.Build.0 = Debug|Any CPU
		{4D691388-C0B4-416E-92F6-0D7965B61A60}.Release|Any CPU.ActiveCfg = Release|Any CPU
		{4D691388-C0B4-416E-92F6-0D7965B61A60}.Release|Any CPU.Build.0 = Release|Any CPU
	EndGlobalSection
	GlobalSection(SolutionProperties) = preSolution
		HideSolutionNode = FALSE
	EndGlobalSection
	GlobalSection(ExtensibilityGlobals) = postSolution
		SolutionGuid = {080A0B5B-B74C-415C-8177-59A705E3A45C}
	EndGlobalSection
EndGlobal
